
Microsoft Visual Studio Solution File, Format Version 12.00
# Visual Studio Version 17
VisualStudioVersion = 17.2.32526.322
MinimumVisualStudioVersion = 10.0.40219.1
Project("{9A19103F-16F7-4668-BE54-9A1E7A4F7556}") = "square", "square\square.csproj", "{80B32706-CF3B-4D7A-95A8-C46A7E671ACA}"
EndProject
Global
	GlobalSection(SolutionConfigurationPlatforms) = preSolution
		Debug|Any CPU = Debug|Any CPU
		Release|Any CPU = Release|Any CPU
	EndGlobalSection
	GlobalSection(ProjectConfigurationPlatforms) = postSolution
		{80B32706-CF3B-4D7A-95A8-C46A7E671ACA}.Debug|Any CPU.ActiveCfg = Debug|Any CPU
		{80B32706-CF3B-4D7A-95A8-C46A7E671ACA}.Debug|Any CPU.Build.0 = Debug|Any CPU
		{80B32706-CF3B-4D7A-95A8-C46A7E671ACA}.Release|Any CPU.ActiveCfg = Release|Any CPU
		{80B32706-CF3B-4D7A-95A8-C46A7E671ACA}.Release|Any CPU.Build.0 = Release|Any CPU
	EndGlobalSection
	GlobalSection(SolutionProperties) = preSolution
		HideSolutionNode = FALSE
	EndGlobalSection
	GlobalSection(ExtensibilityGlobals) = postSolution
		SolutionGuid = {179F114B-9715-4117-81B4-B0F5FE1B067D}
	EndGlobalSection
EndGlobal
